
Microsoft Visual Studio Solution File, Format Version 12.00
# Visual Studio 15
VisualStudioVersion = 15.0.27428.2015
MinimumVisualStudioVersion = 10.0.40219.1
Project("{FAE04EC0-301F-11D3-BF4B-00C04F79EFBC}") = "Proburg", "Proburg\Proburg.csproj", "{E8543375-648D-4DCE-901A-BCB2DF550844}"
EndProject
Global
	GlobalSection(SolutionConfigurationPlatforms) = preSolution
		Debug|Any CPU = Debug|Any CPU
		Release|Any CPU = Release|Any CPU
	EndGlobalSection
	GlobalSection(ProjectConfigurationPlatforms) = postSolution
		{E8543375-648D-4DCE-901A-BCB2DF550844}.Debug|Any CPU.ActiveCfg = Debug|Any CPU
		{E8543375-648D-4DCE-901A-BCB2DF550844}.Debug|Any CPU.Build.0 = Debug|Any CPU
		{E8543375-648D-4DCE-901A-BCB2DF550844}.Release|Any CPU.ActiveCfg = Release|Any CPU
		{E8543375-648D-4DCE-901A-BCB2DF550844}.Release|Any CPU.Build.0 = Release|Any CPU
	EndGlobalSection
	GlobalSection(SolutionProperties) = preSolution
		HideSolutionNode = FALSE
	EndGlobalSection
	GlobalSection(ExtensibilityGlobals) = postSolution
		SolutionGuid = {698319BB-6F87-4982-AB54-4AFC841F7729}
	EndGlobalSection
EndGlobal
